
Microsoft Visual Studio Solution File, Format Version 12.00
# Visual Studio Version 16
VisualStudioVersion = 16.0.30204.135
MinimumVisualStudioVersion = 10.0.40219.1
Project("{FAE04EC0-301F-11D3-BF4B-00C04F79EFBC}") = "FirstTask", "FirstTask\FirstTask.csproj", "{58AAEDB7-7A82-466D-8B99-BCAF701A9CE1}"
EndProject
Global
	GlobalSection(SolutionConfigurationPlatforms) = preSolution
		Debug|Any CPU = Debug|Any CPU
		Release|Any CPU = Release|Any CPU
	EndGlobalSection
	GlobalSection(ProjectConfigurationPlatforms) = postSolution
		{58AAEDB7-7A82-466D-8B99-BCAF701A9CE1}.Debug|Any CPU.ActiveCfg = Debug|Any CPU
		{58AAEDB7-7A82-466D-8B99-BCAF701A9CE1}.Debug|Any CPU.Build.0 = Debug|Any CPU
		{58AAEDB7-7A82-466D-8B99-BCAF701A9CE1}.Release|Any CPU.ActiveCfg = Release|Any CPU
		{58AAEDB7-7A82-466D-8B99-BCAF701A9CE1}.Release|Any CPU.Build.0 = Release|Any CPU
	EndGlobalSection
	GlobalSection(SolutionProperties) = preSolution
		HideSolutionNode = FALSE
	EndGlobalSection
	GlobalSection(ExtensibilityGlobals) = postSolution
		SolutionGuid = {5C83506A-8F15-4563-AF03-6B62FF203056}
	EndGlobalSection
EndGlobal
